
Microsoft Visual Studio Solution File, Format Version 12.00
# Visual Studio Version 17
VisualStudioVersion = 17.1.32414.318
MinimumVisualStudioVersion = 10.0.40219.1
Project("{FAE04EC0-301F-11D3-BF4B-00C04F79EFBC}") = "PoprawaKolokwium", "PoprawaKolokwium\PoprawaKolokwium.csproj", "{69A2C7E7-3FF4-4CB0-A49A-601C4700D547}"
EndProject
Global
	GlobalSection(SolutionConfigurationPlatforms) = preSolution
		Debug|Any CPU = Debug|Any CPU
		Release|Any CPU = Release|Any CPU
	EndGlobalSection
	GlobalSection(ProjectConfigurationPlatforms) = postSolution
		{69A2C7E7-3FF4-4CB0-A49A-601C4700D547}.Debug|Any CPU.ActiveCfg = Debug|Any CPU
		{69A2C7E7-3FF4-4CB0-A49A-601C4700D547}.Debug|Any CPU.Build.0 = Debug|Any CPU
		{69A2C7E7-3FF4-4CB0-A49A-601C4700D547}.Release|Any CPU.ActiveCfg = Release|Any CPU
		{69A2C7E7-3FF4-4CB0-A49A-601C4700D547}.Release|Any CPU.Build.0 = Release|Any CPU
	EndGlobalSection
	GlobalSection(SolutionProperties) = preSolution
		HideSolutionNode = FALSE
	EndGlobalSection
	GlobalSection(ExtensibilityGlobals) = postSolution
		SolutionGuid = {053D8951-D579-4540-84E9-DB7404BE4173}
	EndGlobalSection
EndGlobal
